{
  "nodes": {
    "cloud-hypervisor": {
      "inputs": {
        "crane": "crane",
        "dried-nix-flakes": "dried-nix-flakes",
        "nixpkgs": [
          "nixpkgs"
        ],
        "rust-overlay": "rust-overlay"
      },
      "locked": {
        "lastModified": 1770972839,
        "narHash": "sha256-fQlh8lcvBxxfYZJZvgsVbEqzHJSULkPgREyZ0wQZ2AQ=",
        "owner": "amphi",
        "repo": "cloud-hypervisor",
        "rev": "4bc8d1a3c220360db217cfccec0500a97b1d82e5",
        "type": "github"
      },
      "original": {
        "owner": "amphi",
        "ref": "gracefully-handle-lost-network",
        "repo": "cloud-hypervisor",
        "type": "github"
      }
    },
    "crane": {
      "locked": {
        "lastModified": 1769287525,
        "narHash": "sha256-gABuYA6BzoRMLuPaeO5p7SLrpd4qExgkwEmYaYQY4bM=",
        "owner": "ipetkov",
        "repo": "crane",
        "rev": "0314e365877a85c9e5758f9ea77a9972afbb4c21",
        "type": "github"
      },
      "original": {
        "owner": "ipetkov",
        "ref": "master",
        "repo": "crane",
        "type": "github"
      }
    },
    "dried-nix-flakes": {
      "locked": {
        "lastModified": 1756139350,
        "narHash": "sha256-pObQv94NclXVXjJV8sTiKwFes4fGEWpkNzDsXw5DqnY=",
        "owner": "cyberus-technology",
        "repo": "dried-nix-flakes",
        "rev": "1b2ba62710c6c1d9eba0e8e3adc029cc2e9291a4",
        "type": "github"
      },
      "original": {
        "owner": "cyberus-technology",
        "repo": "dried-nix-flakes",
        "type": "github"
      }
    },
    "dried-nix-flakes_2": {
      "locked": {
        "lastModified": 1756139350,
        "narHash": "sha256-pObQv94NclXVXjJV8sTiKwFes4fGEWpkNzDsXw5DqnY=",
        "owner": "cyberus-technology",
        "repo": "dried-nix-flakes",
        "rev": "1b2ba62710c6c1d9eba0e8e3adc029cc2e9291a4",
        "type": "github"
      },
      "original": {
        "owner": "cyberus-technology",
        "repo": "dried-nix-flakes",
        "type": "github"
      }
    },
    "dried-nix-flakes_3": {
      "locked": {
        "lastModified": 1756139350,
        "narHash": "sha256-pObQv94NclXVXjJV8sTiKwFes4fGEWpkNzDsXw5DqnY=",
        "owner": "cyberus-technology",
        "repo": "dried-nix-flakes",
        "rev": "1b2ba62710c6c1d9eba0e8e3adc029cc2e9291a4",
        "type": "github"
      },
      "original": {
        "owner": "cyberus-technology",
        "repo": "dried-nix-flakes",
        "type": "github"
      }
    },
    "edk2-src": {
      "flake": false,
      "locked": {
        "lastModified": 1768399783,
        "narHash": "sha256-AyKYmRGgRMgFJTxEYh3jcmCcbeXHvAhnTymXbx3khPM=",
        "ref": "gardenlinux",
        "rev": "0417bca8caed638502f7575be937359878eac683",
        "revCount": 34309,
        "submodules": true,
        "type": "git",
        "url": "https://github.com/cyberus-technology/edk2"
      },
      "original": {
        "ref": "gardenlinux",
        "submodules": true,
        "type": "git",
        "url": "https://github.com/cyberus-technology/edk2"
      }
    },
    "edk2-src_2": {
      "flake": false,
      "locked": {
        "lastModified": 1768399783,
        "narHash": "sha256-AyKYmRGgRMgFJTxEYh3jcmCcbeXHvAhnTymXbx3khPM=",
        "ref": "gardenlinux",
        "rev": "0417bca8caed638502f7575be937359878eac683",
        "revCount": 34309,
        "submodules": true,
        "type": "git",
        "url": "https://github.com/cyberus-technology/edk2"
      },
      "original": {
        "ref": "gardenlinux",
        "submodules": true,
        "type": "git",
        "url": "https://github.com/cyberus-technology/edk2"
      }
    },
    "fcntl-tool": {
      "inputs": {
        "nixpkgs": [
          "nixpkgs"
        ]
      },
      "locked": {
        "lastModified": 1769976257,
        "narHash": "sha256-PhplAkLDpw7fPT0p6JFF8h2E2Icp9w/63RIXF9cCjYE=",
        "owner": "phip1611",
        "repo": "fcntl-tool",
        "rev": "e4da9b6faea0e90ee8a2bf0bb06f83f390626303",
        "type": "github"
      },
      "original": {
        "owner": "phip1611",
        "repo": "fcntl-tool",
        "type": "github"
      }
    },
    "fcntl-tool_2": {
      "inputs": {
        "nixpkgs": [
          "libvirt",
          "libvirt-tests",
          "nixpkgs"
        ]
      },
      "locked": {
        "lastModified": 1769976257,
        "narHash": "sha256-PhplAkLDpw7fPT0p6JFF8h2E2Icp9w/63RIXF9cCjYE=",
        "owner": "phip1611",
        "repo": "fcntl-tool",
        "rev": "e4da9b6faea0e90ee8a2bf0bb06f83f390626303",
        "type": "github"
      },
      "original": {
        "owner": "phip1611",
        "repo": "fcntl-tool",
        "type": "github"
      }
    },
    "keycodemapdb": {
      "flake": false,
      "locked": {
        "lastModified": 1752156361,
        "narHash": "sha256-gfrQPAwgShtgkDWZOkivDO1Aj7UUdaGTitirGy+RA70=",
        "ref": "refs/heads/master",
        "rev": "54788039c0b3486a8883090d6736c2500177af29",
        "revCount": 89,
        "type": "git",
        "url": "https://gitlab.com/keycodemap/keycodemapdb.git"
      },
      "original": {
        "type": "git",
        "url": "https://gitlab.com/keycodemap/keycodemapdb.git"
      }
    },
    "keycodemapdb_2": {
      "flake": false,
      "locked": {
        "lastModified": 1752156361,
        "narHash": "sha256-gfrQPAwgShtgkDWZOkivDO1Aj7UUdaGTitirGy+RA70=",
        "ref": "refs/heads/master",
        "rev": "54788039c0b3486a8883090d6736c2500177af29",
        "revCount": 89,
        "type": "git",
        "url": "https://gitlab.com/keycodemap/keycodemapdb.git"
      },
      "original": {
        "type": "git",
        "url": "https://gitlab.com/keycodemap/keycodemapdb.git"
      }
    },
    "libvirt": {
      "inputs": {
        "cloud-hypervisor": [
          "cloud-hypervisor"
        ],
        "keycodemapdb": "keycodemapdb",
        "libvirt-tests": "libvirt-tests",
        "nixpkgs": [
          "nixpkgs"
        ]
      },
      "locked": {
        "lastModified": 1770986501,
        "narHash": "sha256-HRRC5X3bgJYndhnPLswMK1rJjch6M/rxcpA/iL6ZQ+k=",
        "ref": "refs/heads/basti_debug",
        "rev": "3063bb6c278c77fd042649e602e5e73574ca6e59",
        "revCount": 53634,
        "submodules": true,
        "type": "git",
        "url": "file:/home/gonzo/libvirt"
      },
      "original": {
        "submodules": true,
        "type": "git",
        "url": "file:/home/gonzo/libvirt"
      }
    },
    "libvirt-tests": {
      "inputs": {
        "cloud-hypervisor": [
          "libvirt",
          "cloud-hypervisor"
        ],
        "dried-nix-flakes": "dried-nix-flakes_3",
        "edk2-src": "edk2-src_2",
        "fcntl-tool": "fcntl-tool_2",
        "libvirt": "libvirt_2",
        "nixpkgs": [
          "libvirt",
          "nixpkgs"
        ]
      },
      "locked": {
        "lastModified": 1770807650,
        "narHash": "sha256-3VnSEJQQZy/069/CfuqrXaEd3KEHdqLOnMSC67275YA=",
        "owner": "cyberus-technology",
        "repo": "libvirt-tests",
        "rev": "2c3565fe66d4dcdb2ff7d029f18090d0522d71f0",
        "type": "github"
      },
      "original": {
        "owner": "cyberus-technology",
        "ref": "main",
        "repo": "libvirt-tests",
        "type": "github"
      }
    },
    "libvirt_2": {
      "inputs": {
        "cloud-hypervisor": [
          "libvirt",
          "libvirt-tests",
          "cloud-hypervisor"
        ],
        "keycodemapdb": "keycodemapdb_2",
        "libvirt-tests": [
          "libvirt",
          "libvirt-tests"
        ],
        "nixpkgs": [
          "libvirt",
          "libvirt-tests",
          "nixpkgs"
        ]
      },
      "locked": {
        "lastModified": 1770625785,
        "narHash": "sha256-cgFg5Q2SejgCK9GKPs7ppoAqnvrpaibvlbRkhfpR/Ic=",
        "ref": "gardenlinux",
        "rev": "4c2c91ea939f009990db1b72e55bd6663bcfb764",
        "revCount": 53615,
        "submodules": true,
        "type": "git",
        "url": "https://github.com/cyberus-technology/libvirt"
      },
      "original": {
        "ref": "gardenlinux",
        "submodules": true,
        "type": "git",
        "url": "https://github.com/cyberus-technology/libvirt"
      }
    },
    "nixpkgs": {
      "locked": {
        "lastModified": 1769900590,
        "narHash": "sha256-I7Lmgj3owOTBGuauy9FL6qdpeK2umDoe07lM4V+PnyA=",
        "owner": "nixos",
        "repo": "nixpkgs",
        "rev": "41e216c0ca66c83b12ab7a98cc326b5db01db646",
        "type": "github"
      },
      "original": {
        "owner": "nixos",
        "ref": "nixos-25.11",
        "repo": "nixpkgs",
        "type": "github"
      }
    },
    "root": {
      "inputs": {
        "cloud-hypervisor": "cloud-hypervisor",
        "dried-nix-flakes": "dried-nix-flakes_2",
        "edk2-src": "edk2-src",
        "fcntl-tool": "fcntl-tool",
        "libvirt": "libvirt",
        "nixpkgs": "nixpkgs"
      }
    },
    "rust-overlay": {
      "inputs": {
        "nixpkgs": [
          "cloud-hypervisor",
          "nixpkgs"
        ]
      },
      "locked": {
        "lastModified": 1769568593,
        "narHash": "sha256-vf3cZf8imUlPzFtICa1uyReDzoPV0XhHOIRM3tqI5VY=",
        "owner": "oxalica",
        "repo": "rust-overlay",
        "rev": "6fe5039018d05cee5d01dda7df1c0846fb7943a4",
        "type": "github"
      },
      "original": {
        "owner": "oxalica",
        "repo": "rust-overlay",
        "type": "github"
      }
    }
  },
  "root": "root",
  "version": 7
}
