{
  "nodes": {
    "cloud-hypervisor-src": {
      "flake": false,
      "locked": {
        "lastModified": 1751300897,
        "narHash": "sha256-DMTVGiNfVJH8YS+XdVd0ji1hO+zIzXrMxpKbvSdJHBY=",
        "owner": "cyberus-technology",
        "repo": "cloud-hypervisor",
        "rev": "3b8b3a51f944fd0bbf58e8a76d8f8a83c046db04",
        "type": "github"
      },
      "original": {
        "owner": "cyberus-technology",
        "ref": "gardenlinux",
        "repo": "cloud-hypervisor",
        "type": "github"
      }
    },
    "crane": {
      "locked": {
        "lastModified": 1755993354,
        "narHash": "sha256-FCRRAzSaL/+umLIm3RU3O/+fJ2ssaPHseI2SSFL8yZU=",
        "owner": "ipetkov",
        "repo": "crane",
        "rev": "25bd41b24426c7734278c2ff02e53258851db914",
        "type": "github"
      },
      "original": {
        "owner": "ipetkov",
        "ref": "master",
        "repo": "crane",
        "type": "github"
      }
    },
    "flake-utils": {
      "inputs": {
        "systems": "systems"
      },
      "locked": {
        "lastModified": 1731533236,
        "narHash": "sha256-l0KFg5HjrsfsO/JpG+r7fRrqm12kzFHyUHqHCVpMMbI=",
        "owner": "numtide",
        "repo": "flake-utils",
        "rev": "11707dc2f618dd54ca8739b309ec4fc024de578b",
        "type": "github"
      },
      "original": {
        "id": "flake-utils",
        "type": "indirect"
      }
    },
    "libvirt-src": {
      "flake": false,
      "locked": {
        "lastModified": 1753875075,
        "narHash": "sha256-qg0drCMT7Ue5dZRehkLWXt9/UTjOBD8e8W9EUuhZTwM=",
        "ref": "gardenlinux",
        "rev": "3dcada54e213de1b34ee5f4447fa53a93cc0c2f9",
        "revCount": 52305,
        "submodules": true,
        "type": "git",
        "url": "https://github.com/cyberus-technology/libvirt"
      },
      "original": {
        "ref": "gardenlinux",
        "submodules": true,
        "type": "git",
        "url": "https://github.com/cyberus-technology/libvirt"
      }
    },
    "nixpkgs": {
      "locked": {
        "lastModified": 1754028485,
        "narHash": "sha256-IiiXB3BDTi6UqzAZcf2S797hWEPCRZOwyNThJIYhUfk=",
        "owner": "nixos",
        "repo": "nixpkgs",
        "rev": "59e69648d345d6e8fef86158c555730fa12af9de",
        "type": "github"
      },
      "original": {
        "owner": "nixos",
        "ref": "nixos-25.05",
        "repo": "nixpkgs",
        "type": "github"
      }
    },
    "root": {
      "inputs": {
        "cloud-hypervisor-src": "cloud-hypervisor-src",
        "crane": "crane",
        "flake-utils": "flake-utils",
        "libvirt-src": "libvirt-src",
        "nixpkgs": "nixpkgs",
        "rust-overlay": "rust-overlay"
      }
    },
    "rust-overlay": {
      "inputs": {
        "nixpkgs": [
          "nixpkgs"
        ]
      },
      "locked": {
        "lastModified": 1756348497,
        "narHash": "sha256-xJp3VnoYh4kpsaKFO/7SsGbwOz7pI1ZmjbqpXEuR2cw=",
        "owner": "oxalica",
        "repo": "rust-overlay",
        "rev": "0adf92c70d23fb4f703aea5d3ebb51ac65994f7f",
        "type": "github"
      },
      "original": {
        "owner": "oxalica",
        "repo": "rust-overlay",
        "type": "github"
      }
    },
    "systems": {
      "locked": {
        "lastModified": 1681028828,
        "narHash": "sha256-Vy1rq5AaRuLzOxct8nz4T6wlgyUR7zLU309k9mBC768=",
        "owner": "nix-systems",
        "repo": "default",
        "rev": "da67096a3b9bf56a91d16901293e51ba5b49a27e",
        "type": "github"
      },
      "original": {
        "owner": "nix-systems",
        "repo": "default",
        "type": "github"
      }
    }
  },
  "root": "root",
  "version": 7
}
